// !$*UTF8*$!
{
	archiveVersion = 1;
	classes = {
	};
	objectVersion = 56;
	objects = {

/* Begin PBXBuildFile section */
		5045C60029559E33002BCF8D /* ExtensionCoreData.swift in Sources */ = {isa = PBXBuildFile; fileRef = 5045C5FF29559E33002BCF8D /* ExtensionCoreData.swift */; };
		504E0D7629543939006CD802 /* CellModel.swift in Sources */ = {isa = PBXBuildFile; fileRef = 504E0D7529543939006CD802 /* CellModel.swift */; };
		504E0D7929544991006CD802 /* CoreDataDemo.xcdatamodeld in Sources */ = {isa = PBXBuildFile; fileRef = 504E0D7729544991006CD802 /* CoreDataDemo.xcdatamodeld */; };
		50C6830B2952EDFC00ECAD2D /* AppDelegate.swift in Sources */ = {isa = PBXBuildFile; fileRef = 50C6830A2952EDFC00ECAD2D /* AppDelegate.swift */; };
		50C6830D2952EDFC00ECAD2D /* SceneDelegate.swift in Sources */ = {isa = PBXBuildFile; fileRef = 50C6830C2952EDFC00ECAD2D /* SceneDelegate.swift */; };
		50C6830F2952EDFC00ECAD2D /* MainViewController.swift in Sources */ = {isa = PBXBuildFile; fileRef = 50C6830E2952EDFC00ECAD2D /* MainViewController.swift */; };
		50C683142952EDFD00ECAD2D /* Assets.xcassets in Resources */ = {isa = PBXBuildFile; fileRef = 50C683132952EDFD00ECAD2D /* Assets.xcassets */; };
		50C683172952EDFD00ECAD2D /* LaunchScreen.storyboard in Resources */ = {isa = PBXBuildFile; fileRef = 50C683152952EDFD00ECAD2D /* LaunchScreen.storyboard */; };
		50C683222952EF6500ECAD2D /* ExtensionTableViewController.swift in Sources */ = {isa = PBXBuildFile; fileRef = 50C683212952EF6500ECAD2D /* ExtensionTableViewController.swift */; };
		50C683252952EFBE00ECAD2D /* MyOwnCell.swift in Sources */ = {isa = PBXBuildFile; fileRef = 50C683242952EFBE00ECAD2D /* MyOwnCell.swift */; };
		50C6832C2953023000ECAD2D /* NotesViewController.swift in Sources */ = {isa = PBXBuildFile; fileRef = 50C6832B2953023000ECAD2D /* NotesViewController.swift */; };
		50C683302953341500ECAD2D /* ExtensionKeyboard.swift in Sources */ = {isa = PBXBuildFile; fileRef = 50C6832F2953341500ECAD2D /* ExtensionKeyboard.swift */; };
/* End PBXBuildFile section */

/* Begin PBXFileReference section */
		5045C5FF29559E33002BCF8D /* ExtensionCoreData.swift */ = {isa = PBXFileReference; lastKnownFileType = sourcecode.swift; path = ExtensionCoreData.swift; sourceTree = "<group>"; };
		504E0D7529543939006CD802 /* CellModel.swift */ = {isa = PBXFileReference; lastKnownFileType = sourcecode.swift; path = CellModel.swift; sourceTree = "<group>"; };
		504E0D7829544991006CD802 /* CoreDataDemo.xcdatamodel */ = {isa = PBXFileReference; lastKnownFileType = wrapper.xcdatamodel; path = CoreDataDemo.xcdatamodel; sourceTree = "<group>"; };
		50C683072952EDFC00ECAD2D /* Notes.app */ = {isa = PBXFileReference; explicitFileType = wrapper.application; includeInIndex = 0; path = Notes.app; sourceTree = BUILT_PRODUCTS_DIR; };
		50C6830A2952EDFC00ECAD2D /* AppDelegate.swift */ = {isa = PBXFileReference; lastKnownFileType = sourcecode.swift; path = AppDelegate.swift; sourceTree = "<group>"; };
		50C6830C2952EDFC00ECAD2D /* SceneDelegate.swift */ = {isa = PBXFileReference; lastKnownFileType = sourcecode.swift; path = SceneDelegate.swift; sourceTree = "<group>"; };
		50C6830E2952EDFC00ECAD2D /* MainViewController.swift */ = {isa = PBXFileReference; lastKnownFileType = sourcecode.swift; path = MainViewController.swift; sourceTree = "<group>"; };
		50C683132952EDFD00ECAD2D /* Assets.xcassets */ = {isa = PBXFileReference; lastKnownFileType = folder.assetcatalog; path = Assets.xcassets; sourceTree = "<group>"; };
		50C683162952EDFD00ECAD2D /* Base */ = {isa = PBXFileReference; lastKnownFileType = file.storyboard; name = Base; path = Base.lproj/LaunchScreen.storyboard; sourceTree = "<group>"; };
		50C683182952EDFD00ECAD2D /* Info.plist */ = {isa = PBXFileReference; lastKnownFileType = text.plist.xml; path = Info.plist; sourceTree = "<group>"; };
		50C683212952EF6500ECAD2D /* ExtensionTableViewController.swift */ = {isa = PBXFileReference; lastKnownFileType = sourcecode.swift; path = ExtensionTableViewController.swift; sourceTree = "<group>"; };
		50C683242952EFBE00ECAD2D /* MyOwnCell.swift */ = {isa = PBXFileReference; lastKnownFileType = sourcecode.swift; path = MyOwnCell.swift; sourceTree = "<group>"; };
		50C6832B2953023000ECAD2D /* NotesViewController.swift */ = {isa = PBXFileReference; lastKnownFileType = sourcecode.swift; path = NotesViewController.swift; sourceTree = "<group>"; };
		50C6832F2953341500ECAD2D /* ExtensionKeyboard.swift */ = {isa = PBXFileReference; lastKnownFileType = sourcecode.swift; path = ExtensionKeyboard.swift; sourceTree = "<group>"; };
/* End PBXFileReference section */

/* Begin PBXFrameworksBuildPhase section */
		50C683042952EDFC00ECAD2D /* Frameworks */ = {
			isa = PBXFrameworksBuildPhase;
			buildActionMask = 2147483647;
			files = (
			);
			runOnlyForDeploymentPostprocessing = 0;
		};
/* End PBXFrameworksBuildPhase section */

/* Begin PBXGroup section */
		50C682FE2952EDFC00ECAD2D = {
			isa = PBXGroup;
			children = (
				50C683092952EDFC00ECAD2D /* Notes */,
				50C683082952EDFC00ECAD2D /* Products */,
			);
			sourceTree = "<group>";
		};
		50C683082952EDFC00ECAD2D /* Products */ = {
			isa = PBXGroup;
			children = (
				50C683072952EDFC00ECAD2D /* Notes.app */,
			);
			name = Products;
			sourceTree = "<group>";
		};
		50C683092952EDFC00ECAD2D /* Notes */ = {
			isa = PBXGroup;
			children = (
				50C6831E2952EEC900ECAD2D /* MainViewController */,
				50C6832A2953020F00ECAD2D /* NotesViewController */,
				50C683232952EF8200ECAD2D /* TableViewCell */,
				50C6831F2952EEE100ECAD2D /* Supporting */,
				50C683182952EDFD00ECAD2D /* Info.plist */,
				504E0D7729544991006CD802 /* CoreDataDemo.xcdatamodeld */,
			);
			path = Notes;
			sourceTree = "<group>";
		};
		50C6831E2952EEC900ECAD2D /* MainViewController */ = {
			isa = PBXGroup;
			children = (
				50C6830E2952EDFC00ECAD2D /* MainViewController.swift */,
				50C683212952EF6500ECAD2D /* ExtensionTableViewController.swift */,
				5045C5FF29559E33002BCF8D /* ExtensionCoreData.swift */,
			);
			path = MainViewController;
			sourceTree = "<group>";
		};
		50C6831F2952EEE100ECAD2D /* Supporting */ = {
			isa = PBXGroup;
			children = (
				50C683132952EDFD00ECAD2D /* Assets.xcassets */,
				50C683152952EDFD00ECAD2D /* LaunchScreen.storyboard */,
				50C6830A2952EDFC00ECAD2D /* AppDelegate.swift */,
				50C6830C2952EDFC00ECAD2D /* SceneDelegate.swift */,
			);
			path = Supporting;
			sourceTree = "<group>";
		};
		50C683232952EF8200ECAD2D /* TableViewCell */ = {
			isa = PBXGroup;
			children = (
				50C683242952EFBE00ECAD2D /* MyOwnCell.swift */,
				504E0D7529543939006CD802 /* CellModel.swift */,
			);
			path = TableViewCell;
			sourceTree = "<group>";
		};
		50C6832A2953020F00ECAD2D /* NotesViewController */ = {
			isa = PBXGroup;
			children = (
				50C6832B2953023000ECAD2D /* NotesViewController.swift */,
				50C6832F2953341500ECAD2D /* ExtensionKeyboard.swift */,
			);
			path = NotesViewController;
			sourceTree = "<group>";
		};
/* End PBXGroup section */

/* Begin PBXNativeTarget section */
		50C683062952EDFC00ECAD2D /* Notes */ = {
			isa = PBXNativeTarget;
			buildConfigurationList = 50C6831B2952EDFD00ECAD2D /* Build configuration list for PBXNativeTarget "Notes" */;
			buildPhases = (
				50C683032952EDFC00ECAD2D /* Sources */,
				50C683042952EDFC00ECAD2D /* Frameworks */,
				50C683052952EDFC00ECAD2D /* Resources */,
			);
			buildRules = (
			);
			dependencies = (
			);
			name = Notes;
			productName = Notes;
			productReference = 50C683072952EDFC00ECAD2D /* Notes.app */;
			productType = "com.apple.product-type.application";
		};
/* End PBXNativeTarget section */

/* Begin PBXProject section */
		50C682FF2952EDFC00ECAD2D /* Project object */ = {
			isa = PBXProject;
			attributes = {
				BuildIndependentTargetsInParallel = 1;
				LastSwiftUpdateCheck = 1410;
				LastUpgradeCheck = 1410;
				TargetAttributes = {
					50C683062952EDFC00ECAD2D = {
						CreatedOnToolsVersion = 14.1;
					};
				};
			};
			buildConfigurationList = 50C683022952EDFC00ECAD2D /* Build configuration list for PBXProject "Notes" */;
			compatibilityVersion = "Xcode 14.0";
			developmentRegion = en;
			hasScannedForEncodings = 0;
			knownRegions = (
				en,
				Base,
			);
			mainGroup = 50C682FE2952EDFC00ECAD2D;
			productRefGroup = 50C683082952EDFC00ECAD2D /* Products */;
			projectDirPath = "";
			projectRoot = "";
			targets = (
				50C683062952EDFC00ECAD2D /* Notes */,
			);
		};
/* End PBXProject section */

/* Begin PBXResourcesBuildPhase section */
		50C683052952EDFC00ECAD2D /* Resources */ = {
			isa = PBXResourcesBuildPhase;
			buildActionMask = 2147483647;
			files = (
				50C683172952EDFD00ECAD2D /* LaunchScreen.storyboard in Resources */,
				50C683142952EDFD00ECAD2D /* Assets.xcassets in Resources */,
			);
			runOnlyForDeploymentPostprocessing = 0;
		};
/* End PBXResourcesBuildPhase section */

/* Begin PBXSourcesBuildPhase section */
		50C683032952EDFC00ECAD2D /* Sources */ = {
			isa = PBXSourcesBuildPhase;
			buildActionMask = 2147483647;
			files = (
				50C683302953341500ECAD2D /* ExtensionKeyboard.swift in Sources */,
				50C6830F2952EDFC00ECAD2D /* MainViewController.swift in Sources */,
				50C683222952EF6500ECAD2D /* ExtensionTableViewController.swift in Sources */,
				504E0D7929544991006CD802 /* CoreDataDemo.xcdatamodeld in Sources */,
				50C6832C2953023000ECAD2D /* NotesViewController.swift in Sources */,
				504E0D7629543939006CD802 /* CellModel.swift in Sources */,
				50C6830B2952EDFC00ECAD2D /* AppDelegate.swift in Sources */,
				5045C60029559E33002BCF8D /* ExtensionCoreData.swift in Sources */,
				50C683252952EFBE00ECAD2D /* MyOwnCell.swift in Sources */,
				50C6830D2952EDFC00ECAD2D /* SceneDelegate.swift in Sources */,
			);
			runOnlyForDeploymentPostprocessing = 0;
		};
/* End PBXSourcesBuildPhase section */

/* Begin PBXVariantGroup section */
		50C683152952EDFD00ECAD2D /* LaunchScreen.storyboard */ = {
			isa = PBXVariantGroup;
			children = (
				50C683162952EDFD00ECAD2D /* Base */,
			);
			name = LaunchScreen.storyboard;
			sourceTree = "<group>";
		};
/* End PBXVariantGroup section */

/* Begin XCBuildConfiguration section */
		50C683192952EDFD00ECAD2D /* Debug */ = {
			isa = XCBuildConfiguration;
			buildSettings = {
				ALWAYS_SEARCH_USER_PATHS = NO;
				CLANG_ANALYZER_NONNULL = YES;
				CLANG_ANALYZER_NUMBER_OBJECT_CONVERSION = YES_AGGRESSIVE;
				CLANG_CXX_LANGUAGE_STANDARD = "gnu++20";
				CLANG_ENABLE_MODULES = YES;
				CLANG_ENABLE_OBJC_ARC = YES;
				CLANG_ENABLE_OBJC_WEAK = YES;
				CLANG_WARN_BLOCK_CAPTURE_AUTORELEASING = YES;
				CLANG_WARN_BOOL_CONVERSION = YES;
				CLANG_WARN_COMMA = YES;
				CLANG_WARN_CONSTANT_CONVERSION = YES;
				CLANG_WARN_DEPRECATED_OBJC_IMPLEMENTATIONS = YES;
				CLANG_WARN_DIRECT_OBJC_ISA_USAGE = YES_ERROR;
				CLANG_WARN_DOCUMENTATION_COMMENTS = YES;
				CLANG_WARN_EMPTY_BODY = YES;
				CLANG_WARN_ENUM_CONVERSION = YES;
				CLANG_WARN_INFINITE_RECURSION = YES;
				CLANG_WARN_INT_CONVERSION = YES;
				CLANG_WARN_NON_LITERAL_NULL_CONVERSION = YES;
				CLANG_WARN_OBJC_IMPLICIT_RETAIN_SELF = YES;
				CLANG_WARN_OBJC_LITERAL_CONVERSION = YES;
				CLANG_WARN_OBJC_ROOT_CLASS = YES_ERROR;
				CLANG_WARN_QUOTED_INCLUDE_IN_FRAMEWORK_HEADER = YES;
				CLANG_WARN_RANGE_LOOP_ANALYSIS = YES;
				CLANG_WARN_STRICT_PROTOTYPES = YES;
				CLANG_WARN_SUSPICIOUS_MOVE = YES;
				CLANG_WARN_UNGUARDED_AVAILABILITY = YES_AGGRESSIVE;
				CLANG_WARN_UNREACHABLE_CODE = YES;
				CLANG_WARN__DUPLICATE_METHOD_MATCH = YES;
				COPY_PHASE_STRIP = NO;
				DEBUG_INFORMATION_FORMAT = dwarf;
				ENABLE_STRICT_OBJC_MSGSEND = YES;
				ENABLE_TESTABILITY = YES;
				GCC_C_LANGUAGE_STANDARD = gnu11;
				GCC_DYNAMIC_NO_PIC = NO;
				GCC_NO_COMMON_BLOCKS = YES;
				GCC_OPTIMIZATION_LEVEL = 0;
				GCC_PREPROCESSOR_DEFINITIONS = (
					"DEBUG=1",
					"$(inherited)",
				);
				GCC_WARN_64_TO_32_BIT_CONVERSION = YES;
				GCC_WARN_ABOUT_RETURN_TYPE = YES_ERROR;
				GCC_WARN_UNDECLARED_SELECTOR = YES;
				GCC_WARN_UNINITIALIZED_AUTOS = YES_AGGRESSIVE;
				GCC_WARN_UNUSED_FUNCTION = YES;
				GCC_WARN_UNUSED_VARIABLE = YES;
				IPHONEOS_DEPLOYMENT_TARGET = 16.1;
				MTL_ENABLE_DEBUG_INFO = INCLUDE_SOURCE;
				MTL_FAST_MATH = YES;
				ONLY_ACTIVE_ARCH = YES;
				SDKROOT = iphoneos;
				SWIFT_ACTIVE_COMPILATION_CONDITIONS = DEBUG;
				SWIFT_OPTIMIZATION_LEVEL = "-Onone";
			};
			name = Debug;
		};
		50C6831A2952EDFD00ECAD2D /* Release */ = {
			isa = XCBuildConfiguration;
			buildSettings = {
				ALWAYS_SEARCH_USER_PATHS = NO;
				CLANG_ANALYZER_NONNULL = YES;
				CLANG_ANALYZER_NUMBER_OBJECT_CONVERSION = YES_AGGRESSIVE;
				CLANG_CXX_LANGUAGE_STANDARD = "gnu++20";
				CLANG_ENABLE_MODULES = YES;
				CLANG_ENABLE_OBJC_ARC = YES;
				CLANG_ENABLE_OBJC_WEAK = YES;
				CLANG_WARN_BLOCK_CAPTURE_AUTORELEASING = YES;
				CLANG_WARN_BOOL_CONVERSION = YES;
				CLANG_WARN_COMMA = YES;
				CLANG_WARN_CONSTANT_CONVERSION = YES;
				CLANG_WARN_DEPRECATED_OBJC_IMPLEMENTATIONS = YES;
				CLANG_WARN_DIRECT_OBJC_ISA_USAGE = YES_ERROR;
				CLANG_WARN_DOCUMENTATION_COMMENTS = YES;
				CLANG_WARN_EMPTY_BODY = YES;
				CLANG_WARN_ENUM_CONVERSION = YES;
				CLANG_WARN_INFINITE_RECURSION = YES;
				CLANG_WARN_INT_CONVERSION = YES;
				CLANG_WARN_NON_LITERAL_NULL_CONVERSION = YES;
				CLANG_WARN_OBJC_IMPLICIT_RETAIN_SELF = YES;
				CLANG_WARN_OBJC_LITERAL_CONVERSION = YES;
				CLANG_WARN_OBJC_ROOT_CLASS = YES_ERROR;
				CLANG_WARN_QUOTED_INCLUDE_IN_FRAMEWORK_HEADER = YES;
				CLANG_WARN_RANGE_LOOP_ANALYSIS = YES;
				CLANG_WARN_STRICT_PROTOTYPES = YES;
				CLANG_WARN_SUSPICIOUS_MOVE = YES;
				CLANG_WARN_UNGUARDED_AVAILABILITY = YES_AGGRESSIVE;
				CLANG_WARN_UNREACHABLE_CODE = YES;
				CLANG_WARN__DUPLICATE_METHOD_MATCH = YES;
				COPY_PHASE_STRIP = NO;
				DEBUG_INFORMATION_FORMAT = "dwarf-with-dsym";
				ENABLE_NS_ASSERTIONS = NO;
				ENABLE_STRICT_OBJC_MSGSEND = YES;
				GCC_C_LANGUAGE_STANDARD = gnu11;
				GCC_NO_COMMON_BLOCKS = YES;
				GCC_WARN_64_TO_32_BIT_CONVERSION = YES;
				GCC_WARN_ABOUT_RETURN_TYPE = YES_ERROR;
				GCC_WARN_UNDECLARED_SELECTOR = YES;
				GCC_WARN_UNINITIALIZED_AUTOS = YES_AGGRESSIVE;
				GCC_WARN_UNUSED_FUNCTION = YES;
				GCC_WARN_UNUSED_VARIABLE = YES;
				IPHONEOS_DEPLOYMENT_TARGET = 16.1;
				MTL_ENABLE_DEBUG_INFO = NO;
				MTL_FAST_MATH = YES;
				SDKROOT = iphoneos;
				SWIFT_COMPILATION_MODE = wholemodule;
				SWIFT_OPTIMIZATION_LEVEL = "-O";
				VALIDATE_PRODUCT = YES;
			};
			name = Release;
		};
		50C6831C2952EDFD00ECAD2D /* Debug */ = {
			isa = XCBuildConfiguration;
			buildSettings = {
				ASSETCATALOG_COMPILER_APPICON_NAME = AppIcon;
				ASSETCATALOG_COMPILER_GLOBAL_ACCENT_COLOR_NAME = AccentColor;
				CODE_SIGN_STYLE = Automatic;
				CURRENT_PROJECT_VERSION = 1;
				GENERATE_INFOPLIST_FILE = YES;
				INFOPLIST_FILE = Notes/Info.plist;
				INFOPLIST_KEY_UIApplicationSupportsIndirectInputEvents = YES;
				INFOPLIST_KEY_UILaunchStoryboardName = LaunchScreen;
				INFOPLIST_KEY_UISupportedInterfaceOrientations_iPad = "UIInterfaceOrientationPortrait UIInterfaceOrientationPortraitUpsideDown UIInterfaceOrientationLandscapeLeft UIInterfaceOrientationLandscapeRight";
				INFOPLIST_KEY_UISupportedInterfaceOrientations_iPhone = "UIInterfaceOrientationPortrait UIInterfaceOrientationLandscapeLeft UIInterfaceOrientationLandscapeRight";
				LD_RUNPATH_SEARCH_PATHS = (
					"$(inherited)",
					"@executable_path/Frameworks",
				);
				MARKETING_VERSION = 1.0;
				PRODUCT_BUNDLE_IDENTIFIER = KosyakovAlexander.Notes;
				PRODUCT_NAME = "$(TARGET_NAME)";
				SWIFT_EMIT_LOC_STRINGS = YES;
				SWIFT_VERSION = 5.0;
				TARGETED_DEVICE_FAMILY = "1,2";
			};
			name = Debug;
		};
		50C6831D2952EDFD00ECAD2D /* Release */ = {
			isa = XCBuildConfiguration;
			buildSettings = {
				ASSETCATALOG_COMPILER_APPICON_NAME = AppIcon;
				ASSETCATALOG_COMPILER_GLOBAL_ACCENT_COLOR_NAME = AccentColor;
				CODE_SIGN_STYLE = Automatic;
				CURRENT_PROJECT_VERSION = 1;
				GENERATE_INFOPLIST_FILE = YES;
				INFOPLIST_FILE = Notes/Info.plist;
				INFOPLIST_KEY_UIApplicationSupportsIndirectInputEvents = YES;
				INFOPLIST_KEY_UILaunchStoryboardName = LaunchScreen;
				INFOPLIST_KEY_UISupportedInterfaceOrientations_iPad = "UIInterfaceOrientationPortrait UIInterfaceOrientationPortraitUpsideDown UIInterfaceOrientationLandscapeLeft UIInterfaceOrientationLandscapeRight";
				INFOPLIST_KEY_UISupportedInterfaceOrientations_iPhone = "UIInterfaceOrientationPortrait UIInterfaceOrientationLandscapeLeft UIInterfaceOrientationLandscapeRight";
				LD_RUNPATH_SEARCH_PATHS = (
					"$(inherited)",
					"@executable_path/Frameworks",
				);
				MARKETING_VERSION = 1.0;
				PRODUCT_BUNDLE_IDENTIFIER = KosyakovAlexander.Notes;
				PRODUCT_NAME = "$(TARGET_NAME)";
				SWIFT_EMIT_LOC_STRINGS = YES;
				SWIFT_VERSION = 5.0;
				TARGETED_DEVICE_FAMILY = "1,2";
			};
			name = Release;
		};
/* End XCBuildConfiguration section */

/* Begin XCConfigurationList section */
		50C683022952EDFC00ECAD2D /* Build configuration list for PBXProject "Notes" */ = {
			isa = XCConfigurationList;
			buildConfigurations = (
				50C683192952EDFD00ECAD2D /* Debug */,
				50C6831A2952EDFD00ECAD2D /* Release */,
			);
			defaultConfigurationIsVisible = 0;
			defaultConfigurationName = Release;
		};
		50C6831B2952EDFD00ECAD2D /* Build configuration list for PBXNativeTarget "Notes" */ = {
			isa = XCConfigurationList;
			buildConfigurations = (
				50C6831C2952EDFD00ECAD2D /* Debug */,
				50C6831D2952EDFD00ECAD2D /* Release */,
			);
			defaultConfigurationIsVisible = 0;
			defaultConfigurationName = Release;
		};
/* End XCConfigurationList section */

/* Begin XCVersionGroup section */
		504E0D7729544991006CD802 /* CoreDataDemo.xcdatamodeld */ = {
			isa = XCVersionGroup;
			children = (
				504E0D7829544991006CD802 /* CoreDataDemo.xcdatamodel */,
			);
			currentVersion = 504E0D7829544991006CD802 /* CoreDataDemo.xcdatamodel */;
			path = CoreDataDemo.xcdatamodeld;
			sourceTree = "<group>";
			versionGroupType = wrapper.xcdatamodel;
		};
/* End XCVersionGroup section */
	};
	rootObject = 50C682FF2952EDFC00ECAD2D /* Project object */;
}
